
Microsoft Visual Studio Solution File, Format Version 12.00
# Visual Studio Version 17
VisualStudioVersion = 17.4.33205.214
MinimumVisualStudioVersion = 10.0.40219.1
Project("{FAE04EC0-301F-11D3-BF4B-00C04F79EFBC}") = "B7_Learning", "B7_Learning\B7_Learning.csproj", "{7344DFF0-E81D-40B3-8253-D4ED895F44B9}"
EndProject
Global
	GlobalSection(SolutionConfigurationPlatforms) = preSolution
		Debug|Any CPU = Debug|Any CPU
		Release|Any CPU = Release|Any CPU
	EndGlobalSection
	GlobalSection(ProjectConfigurationPlatforms) = postSolution
		{7344DFF0-E81D-40B3-8253-D4ED895F44B9}.Debug|Any CPU.ActiveCfg = Debug|Any CPU
		{7344DFF0-E81D-40B3-8253-D4ED895F44B9}.Debug|Any CPU.Build.0 = Debug|Any CPU
		{7344DFF0-E81D-40B3-8253-D4ED895F44B9}.Release|Any CPU.ActiveCfg = Release|Any CPU
		{7344DFF0-E81D-40B3-8253-D4ED895F44B9}.Release|Any CPU.Build.0 = Release|Any CPU
	EndGlobalSection
	GlobalSection(SolutionProperties) = preSolution
		HideSolutionNode = FALSE
	EndGlobalSection
	GlobalSection(ExtensibilityGlobals) = postSolution
		SolutionGuid = {1688A995-4A88-4107-AB06-D2D0A1229B38}
	EndGlobalSection
EndGlobal
